
Microsoft Visual Studio Solution File, Format Version 12.00
# Visual Studio Version 17
VisualStudioVersion = 17.13.35806.99
MinimumVisualStudioVersion = 10.0.40219.1
Project("{FAE04EC0-301F-11D3-BF4B-00C04F79EFBC}") = "Lesson1", "Lesson1\Lesson1.csproj", "{2D7CC314-6A39-4A58-9F4D-373F33210335}"
EndProject
Project("{FAE04EC0-301F-11D3-BF4B-00C04F79EFBC}") = "Lesson2", "Lesson2\Lesson2.csproj", "{C7FED451-FDFE-447F-A58E-38CEFF06D502}"
EndProject
Project("{FAE04EC0-301F-11D3-BF4B-00C04F79EFBC}") = "Lesson3", "Lesson3\Lesson3.csproj", "{D2C23D5B-BA1F-4B39-AAD0-2D5BCABD5043}"
EndProject
Project("{FAE04EC0-301F-11D3-BF4B-00C04F79EFBC}") = "Lesson4", "Lesson4\Lesson4.csproj", "{8DA4F47D-4A7F-4E25-8AF1-605C3442EE39}"
EndProject
Project("{FAE04EC0-301F-11D3-BF4B-00C04F79EFBC}") = "Lesson5", "Lesson5\Lesson5.csproj", "{580DD434-0E59-481B-9D0E-7F4FE1758A53}"
EndProject
Project("{FAE04EC0-301F-11D3-BF4B-00C04F79EFBC}") = "Lesson6", "Lesson6\Lesson6.csproj", "{2BE5C66F-A5E9-40EE-B643-E0A0AAA4CC54}"
EndProject
Project("{2150E333-8FDC-42A3-9474-1A3956D46DE8}") = "Solution Items", "Solution Items", "{02EA681E-C7D8-13C7-8484-4AC65E1B71E8}"
	ProjectSection(SolutionItems) = preProject
		.editorconfig = .editorconfig
	EndProjectSection
EndProject
Project("{FAE04EC0-301F-11D3-BF4B-00C04F79EFBC}") = "Lesson7", "Lesson7\Lesson7.csproj", "{964F9595-D701-4A6F-96A4-B60FBE36706E}"
EndProject
Project("{FAE04EC0-301F-11D3-BF4B-00C04F79EFBC}") = "Lesson8", "Lesson8\Lesson8.csproj", "{B9578537-D6CC-44D1-8DDA-2F54630CEB67}"
EndProject
Project("{FAE04EC0-301F-11D3-BF4B-00C04F79EFBC}") = "Lesson9", "Lesson9\Lesson9.csproj", "{35CF987B-BA0B-4244-AF27-B92C352E4A23}"
EndProject
Project("{FAE04EC0-301F-11D3-BF4B-00C04F79EFBC}") = "Lesson10", "Lesson10\Lesson10.csproj", "{2CA98155-BA7D-47F8-BE29-6B5628B880C4}"
EndProject
Project("{FAE04EC0-301F-11D3-BF4B-00C04F79EFBC}") = "Lesson11", "Lesson11\Lesson11.csproj", "{CFF618ED-0797-482D-8FD1-372D0ABF44EC}"
EndProject
Project("{FAE04EC0-301F-11D3-BF4B-00C04F79EFBC}") = "StartMenu", "StartMenu\StartMenu.csproj", "{10A3B5B9-A633-40CC-B9CE-8CB1C49AD7C6}"
EndProject
Global
	GlobalSection(SolutionConfigurationPlatforms) = preSolution
		Debug|Any CPU = Debug|Any CPU
		Release|Any CPU = Release|Any CPU
	EndGlobalSection
	GlobalSection(ProjectConfigurationPlatforms) = postSolution
		{2D7CC314-6A39-4A58-9F4D-373F33210335}.Debug|Any CPU.ActiveCfg = Debug|Any CPU
		{2D7CC314-6A39-4A58-9F4D-373F33210335}.Debug|Any CPU.Build.0 = Debug|Any CPU
		{2D7CC314-6A39-4A58-9F4D-373F33210335}.Release|Any CPU.ActiveCfg = Release|Any CPU
		{2D7CC314-6A39-4A58-9F4D-373F33210335}.Release|Any CPU.Build.0 = Release|Any CPU
		{C7FED451-FDFE-447F-A58E-38CEFF06D502}.Debug|Any CPU.ActiveCfg = Debug|Any CPU
		{C7FED451-FDFE-447F-A58E-38CEFF06D502}.Debug|Any CPU.Build.0 = Debug|Any CPU
		{C7FED451-FDFE-447F-A58E-38CEFF06D502}.Release|Any CPU.ActiveCfg = Release|Any CPU
		{C7FED451-FDFE-447F-A58E-38CEFF06D502}.Release|Any CPU.Build.0 = Release|Any CPU
		{D2C23D5B-BA1F-4B39-AAD0-2D5BCABD5043}.Debug|Any CPU.ActiveCfg = Debug|Any CPU
		{D2C23D5B-BA1F-4B39-AAD0-2D5BCABD5043}.Debug|Any CPU.Build.0 = Debug|Any CPU
		{D2C23D5B-BA1F-4B39-AAD0-2D5BCABD5043}.Release|Any CPU.ActiveCfg = Release|Any CPU
		{D2C23D5B-BA1F-4B39-AAD0-2D5BCABD5043}.Release|Any CPU.Build.0 = Release|Any CPU
		{8DA4F47D-4A7F-4E25-8AF1-605C3442EE39}.Debug|Any CPU.ActiveCfg = Debug|Any CPU
		{8DA4F47D-4A7F-4E25-8AF1-605C3442EE39}.Debug|Any CPU.Build.0 = Debug|Any CPU
		{8DA4F47D-4A7F-4E25-8AF1-605C3442EE39}.Release|Any CPU.ActiveCfg = Release|Any CPU
		{8DA4F47D-4A7F-4E25-8AF1-605C3442EE39}.Release|Any CPU.Build.0 = Release|Any CPU
		{580DD434-0E59-481B-9D0E-7F4FE1758A53}.Debug|Any CPU.ActiveCfg = Debug|Any CPU
		{580DD434-0E59-481B-9D0E-7F4FE1758A53}.Debug|Any CPU.Build.0 = Debug|Any CPU
		{580DD434-0E59-481B-9D0E-7F4FE1758A53}.Release|Any CPU.ActiveCfg = Release|Any CPU
		{580DD434-0E59-481B-9D0E-7F4FE1758A53}.Release|Any CPU.Build.0 = Release|Any CPU
		{2BE5C66F-A5E9-40EE-B643-E0A0AAA4CC54}.Debug|Any CPU.ActiveCfg = Debug|Any CPU
		{2BE5C66F-A5E9-40EE-B643-E0A0AAA4CC54}.Debug|Any CPU.Build.0 = Debug|Any CPU
		{2BE5C66F-A5E9-40EE-B643-E0A0AAA4CC54}.Release|Any CPU.ActiveCfg = Release|Any CPU
		{2BE5C66F-A5E9-40EE-B643-E0A0AAA4CC54}.Release|Any CPU.Build.0 = Release|Any CPU
		{964F9595-D701-4A6F-96A4-B60FBE36706E}.Debug|Any CPU.ActiveCfg = Debug|Any CPU
		{964F9595-D701-4A6F-96A4-B60FBE36706E}.Debug|Any CPU.Build.0 = Debug|Any CPU
		{964F9595-D701-4A6F-96A4-B60FBE36706E}.Release|Any CPU.ActiveCfg = Release|Any CPU
		{964F9595-D701-4A6F-96A4-B60FBE36706E}.Release|Any CPU.Build.0 = Release|Any CPU
		{B9578537-D6CC-44D1-8DDA-2F54630CEB67}.Debug|Any CPU.ActiveCfg = Debug|Any CPU
		{B9578537-D6CC-44D1-8DDA-2F54630CEB67}.Debug|Any CPU.Build.0 = Debug|Any CPU
		{B9578537-D6CC-44D1-8DDA-2F54630CEB67}.Release|Any CPU.ActiveCfg = Release|Any CPU
		{B9578537-D6CC-44D1-8DDA-2F54630CEB67}.Release|Any CPU.Build.0 = Release|Any CPU
		{35CF987B-BA0B-4244-AF27-B92C352E4A23}.Debug|Any CPU.ActiveCfg = Debug|Any CPU
		{35CF987B-BA0B-4244-AF27-B92C352E4A23}.Debug|Any CPU.Build.0 = Debug|Any CPU
		{35CF987B-BA0B-4244-AF27-B92C352E4A23}.Release|Any CPU.ActiveCfg = Release|Any CPU
		{35CF987B-BA0B-4244-AF27-B92C352E4A23}.Release|Any CPU.Build.0 = Release|Any CPU
		{2CA98155-BA7D-47F8-BE29-6B5628B880C4}.Debug|Any CPU.ActiveCfg = Debug|Any CPU
		{2CA98155-BA7D-47F8-BE29-6B5628B880C4}.Debug|Any CPU.Build.0 = Debug|Any CPU
		{2CA98155-BA7D-47F8-BE29-6B5628B880C4}.Release|Any CPU.ActiveCfg = Release|Any CPU
		{2CA98155-BA7D-47F8-BE29-6B5628B880C4}.Release|Any CPU.Build.0 = Release|Any CPU
		{CFF618ED-0797-482D-8FD1-372D0ABF44EC}.Debug|Any CPU.ActiveCfg = Debug|Any CPU
		{CFF618ED-0797-482D-8FD1-372D0ABF44EC}.Debug|Any CPU.Build.0 = Debug|Any CPU
		{CFF618ED-0797-482D-8FD1-372D0ABF44EC}.Release|Any CPU.ActiveCfg = Release|Any CPU
		{CFF618ED-0797-482D-8FD1-372D0ABF44EC}.Release|Any CPU.Build.0 = Release|Any CPU
		{10A3B5B9-A633-40CC-B9CE-8CB1C49AD7C6}.Debug|Any CPU.ActiveCfg = Debug|Any CPU
		{10A3B5B9-A633-40CC-B9CE-8CB1C49AD7C6}.Debug|Any CPU.Build.0 = Debug|Any CPU
		{10A3B5B9-A633-40CC-B9CE-8CB1C49AD7C6}.Release|Any CPU.ActiveCfg = Release|Any CPU
		{10A3B5B9-A633-40CC-B9CE-8CB1C49AD7C6}.Release|Any CPU.Build.0 = Release|Any CPU
	EndGlobalSection
	GlobalSection(SolutionProperties) = preSolution
		HideSolutionNode = FALSE
	EndGlobalSection
	GlobalSection(ExtensibilityGlobals) = postSolution
		SolutionGuid = {AA45FE57-64CD-41A5-B5C9-ECFAB0C2B975}
	EndGlobalSection
EndGlobal
