
Microsoft Visual Studio Solution File, Format Version 12.00
# Visual Studio Version 17
VisualStudioVersion = 17.13.35806.99
MinimumVisualStudioVersion = 10.0.40219.1
Project("{FAE04EC0-301F-11D3-BF4B-00C04F79EFBC}") = "Lesson1", "Lesson1\Lesson1.csproj", "{2D7CC314-6A39-4A58-9F4D-373F33210335}"
EndProject
Project("{FAE04EC0-301F-11D3-BF4B-00C04F79EFBC}") = "Lesson2", "Lesson2\Lesson2.csproj", "{C7FED451-FDFE-447F-A58E-38CEFF06D502}"
EndProject
Project("{FAE04EC0-301F-11D3-BF4B-00C04F79EFBC}") = "Lesson3", "Lesson3\Lesson3.csproj", "{D2C23D5B-BA1F-4B39-AAD0-2D5BCABD5043}"
EndProject
Global
	GlobalSection(SolutionConfigurationPlatforms) = preSolution
		Debug|Any CPU = Debug|Any CPU
		Release|Any CPU = Release|Any CPU
	EndGlobalSection
	GlobalSection(ProjectConfigurationPlatforms) = postSolution
		{2D7CC314-6A39-4A58-9F4D-373F33210335}.Debug|Any CPU.ActiveCfg = Debug|Any CPU
		{2D7CC314-6A39-4A58-9F4D-373F33210335}.Debug|Any CPU.Build.0 = Debug|Any CPU
		{2D7CC314-6A39-4A58-9F4D-373F33210335}.Release|Any CPU.ActiveCfg = Release|Any CPU
		{2D7CC314-6A39-4A58-9F4D-373F33210335}.Release|Any CPU.Build.0 = Release|Any CPU
		{C7FED451-FDFE-447F-A58E-38CEFF06D502}.Debug|Any CPU.ActiveCfg = Debug|Any CPU
		{C7FED451-FDFE-447F-A58E-38CEFF06D502}.Debug|Any CPU.Build.0 = Debug|Any CPU
		{C7FED451-FDFE-447F-A58E-38CEFF06D502}.Release|Any CPU.ActiveCfg = Release|Any CPU
		{C7FED451-FDFE-447F-A58E-38CEFF06D502}.Release|Any CPU.Build.0 = Release|Any CPU
		{D2C23D5B-BA1F-4B39-AAD0-2D5BCABD5043}.Debug|Any CPU.ActiveCfg = Debug|Any CPU
		{D2C23D5B-BA1F-4B39-AAD0-2D5BCABD5043}.Debug|Any CPU.Build.0 = Debug|Any CPU
		{D2C23D5B-BA1F-4B39-AAD0-2D5BCABD5043}.Release|Any CPU.ActiveCfg = Release|Any CPU
		{D2C23D5B-BA1F-4B39-AAD0-2D5BCABD5043}.Release|Any CPU.Build.0 = Release|Any CPU
	EndGlobalSection
	GlobalSection(SolutionProperties) = preSolution
		HideSolutionNode = FALSE
	EndGlobalSection
	GlobalSection(ExtensibilityGlobals) = postSolution
		SolutionGuid = {AA45FE57-64CD-41A5-B5C9-ECFAB0C2B975}
	EndGlobalSection
EndGlobal
